// !$*UTF8*$!
{
	archiveVersion = 1;
	classes = {
	};
	objectVersion = 56;
	objects = {

/* Begin PBXBuildFile section */
		FA08BE432A03CDD40092E1CF /* idea.json in Resources */ = {isa = PBXBuildFile; fileRef = FA08BE422A03CDD40092E1CF /* idea.json */; };
		FA0F854B2A03F05600EF65B1 /* HintView.swift in Sources */ = {isa = PBXBuildFile; fileRef = FA0F854A2A03F05600EF65B1 /* HintView.swift */; };
		FA0F854F2A03F87200EF65B1 /* NotFoundView.swift in Sources */ = {isa = PBXBuildFile; fileRef = FA0F854E2A03F87200EF65B1 /* NotFoundView.swift */; };
		FA0F85592A03FD5A00EF65B1 /* not-found.json in Resources */ = {isa = PBXBuildFile; fileRef = FA0F85582A03FD5A00EF65B1 /* not-found.json */; };
		FA137FB32A04645A001EEBD4 /* ThirdDocument.swift in Sources */ = {isa = PBXBuildFile; fileRef = FA137FB22A04645A001EEBD4 /* ThirdDocument.swift */; };
		FA137FB52A046475001EEBD4 /* FifthDocument.swift in Sources */ = {isa = PBXBuildFile; fileRef = FA137FB42A046475001EEBD4 /* FifthDocument.swift */; };
		FA137FB72A046D36001EEBD4 /* FourthDocument.swift in Sources */ = {isa = PBXBuildFile; fileRef = FA137FB62A046D36001EEBD4 /* FourthDocument.swift */; };
		FA137FB92A0497FC001EEBD4 /* HappyBirthdayView.swift in Sources */ = {isa = PBXBuildFile; fileRef = FA137FB82A0497FC001EEBD4 /* HappyBirthdayView.swift */; };
		FA137FBB2A0499AA001EEBD4 /* HB.json in Resources */ = {isa = PBXBuildFile; fileRef = FA137FBA2A0499A9001EEBD4 /* HB.json */; };
		FA2E95F629F197F500CB9ACD /* AppDelegate.swift in Sources */ = {isa = PBXBuildFile; fileRef = FA2E95F529F197F500CB9ACD /* AppDelegate.swift */; };
		FA2E95F829F197F500CB9ACD /* SceneDelegate.swift in Sources */ = {isa = PBXBuildFile; fileRef = FA2E95F729F197F500CB9ACD /* SceneDelegate.swift */; };
		FA2E95FA29F197F500CB9ACD /* ViewController.swift in Sources */ = {isa = PBXBuildFile; fileRef = FA2E95F929F197F500CB9ACD /* ViewController.swift */; };
		FA2E95FD29F197F500CB9ACD /* Main.storyboard in Resources */ = {isa = PBXBuildFile; fileRef = FA2E95FB29F197F500CB9ACD /* Main.storyboard */; };
		FA2E95FF29F197F800CB9ACD /* Assets.xcassets in Resources */ = {isa = PBXBuildFile; fileRef = FA2E95FE29F197F800CB9ACD /* Assets.xcassets */; };
		FA2E960229F197F800CB9ACD /* LaunchScreen.storyboard in Resources */ = {isa = PBXBuildFile; fileRef = FA2E960029F197F800CB9ACD /* LaunchScreen.storyboard */; };
		FA2E960C29F1AF7F00CB9ACD /* CustomTableViewCell.swift in Sources */ = {isa = PBXBuildFile; fileRef = FA2E960A29F1AF7F00CB9ACD /* CustomTableViewCell.swift */; };
		FA2E960D29F1AF7F00CB9ACD /* CustomTableViewCell.xib in Resources */ = {isa = PBXBuildFile; fileRef = FA2E960B29F1AF7F00CB9ACD /* CustomTableViewCell.xib */; };
		FA2E961129F1B08F00CB9ACD /* Jura-Bold.ttf in Resources */ = {isa = PBXBuildFile; fileRef = FA2E960F29F1B08F00CB9ACD /* Jura-Bold.ttf */; };
		FA2E961229F1B08F00CB9ACD /* Jura-Medium.ttf in Resources */ = {isa = PBXBuildFile; fileRef = FA2E961029F1B08F00CB9ACD /* Jura-Medium.ttf */; };
		FA2E961429F1B12E00CB9ACD /* Jura-VariableFont_wght.ttf in Resources */ = {isa = PBXBuildFile; fileRef = FA2E961329F1B12E00CB9ACD /* Jura-VariableFont_wght.ttf */; };
		FA2E961629F1C5F300CB9ACD /* TapAnimation.swift in Sources */ = {isa = PBXBuildFile; fileRef = FA2E961529F1C5F300CB9ACD /* TapAnimation.swift */; };
		FA2E961829F1C6C300CB9ACD /* Constans.swift in Sources */ = {isa = PBXBuildFile; fileRef = FA2E961729F1C6C300CB9ACD /* Constans.swift */; };
		FA2E961D29F1F2CD00CB9ACD /* CustomCollectionViewCell.swift in Sources */ = {isa = PBXBuildFile; fileRef = FA2E961B29F1F2CD00CB9ACD /* CustomCollectionViewCell.swift */; };
		FA2E961E29F1F2CD00CB9ACD /* CustomCollectionViewCell.xib in Resources */ = {isa = PBXBuildFile; fileRef = FA2E961C29F1F2CD00CB9ACD /* CustomCollectionViewCell.xib */; };
		FA3F1CEA29F21A3200E4A3B7 /* Documents.swift in Sources */ = {isa = PBXBuildFile; fileRef = FA3F1CE929F21A3200E4A3B7 /* Documents.swift */; };
		FA3F1CEC29F21B7200E4A3B7 /* DocumentViewController.swift in Sources */ = {isa = PBXBuildFile; fileRef = FA3F1CEB29F21B7200E4A3B7 /* DocumentViewController.swift */; };
		FA3F1CEF29F21EFB00E4A3B7 /* FirstDocument.swift in Sources */ = {isa = PBXBuildFile; fileRef = FA3F1CEE29F21EFB00E4A3B7 /* FirstDocument.swift */; };
		FA3F1CF129F21FA800E4A3B7 /* SecondDocument.swift in Sources */ = {isa = PBXBuildFile; fileRef = FA3F1CF029F21FA800E4A3B7 /* SecondDocument.swift */; };
		FA8843312A0154B200FC887B /* TrackerManager.swift in Sources */ = {isa = PBXBuildFile; fileRef = FA8843302A0154B200FC887B /* TrackerManager.swift */; };
		FACF4EDF2B62FEED00FC592E /* Lottie in Frameworks */ = {isa = PBXBuildFile; productRef = FACF4EDE2B62FEED00FC592E /* Lottie */; };
		FAE3EB232A00036F0067A946 /* StepsViewController.swift in Sources */ = {isa = PBXBuildFile; fileRef = FAE3EB222A00036F0067A946 /* StepsViewController.swift */; };
		FAE7DE5229F2CEA10004775B /* Extensions.swift in Sources */ = {isa = PBXBuildFile; fileRef = FAE7DE5129F2CEA00004775B /* Extensions.swift */; };
		FAE7DE5A29F2FF570004775B /* 125763-searching.json in Resources */ = {isa = PBXBuildFile; fileRef = FAE7DE5929F2FF570004775B /* 125763-searching.json */; };
		FAE7DE5C29F30FCA0004775B /* 52652-loading-bar.json in Resources */ = {isa = PBXBuildFile; fileRef = FAE7DE5B29F30FCA0004775B /* 52652-loading-bar.json */; };
		FAE7DE5E29F33CFF0004775B /* Warning.json in Resources */ = {isa = PBXBuildFile; fileRef = FAE7DE5D29F33CFF0004775B /* Warning.json */; };
		FAFB31332A02C1E900178467 /* AlphabetViewController.swift in Sources */ = {isa = PBXBuildFile; fileRef = FAFB31322A02C1E900178467 /* AlphabetViewController.swift */; };
		FAFB31362A02D0B100178467 /* InfoView.swift in Sources */ = {isa = PBXBuildFile; fileRef = FAFB31352A02D0B100178467 /* InfoView.swift */; };
		FAFB313A2A02E8A500178467 /* SearchAnimationView.swift in Sources */ = {isa = PBXBuildFile; fileRef = FAFB31392A02E8A500178467 /* SearchAnimationView.swift */; };
/* End PBXBuildFile section */

/* Begin PBXFileReference section */
		FA08BE422A03CDD40092E1CF /* idea.json */ = {isa = PBXFileReference; fileEncoding = 4; lastKnownFileType = text.json; path = idea.json; sourceTree = "<group>"; };
		FA0F854A2A03F05600EF65B1 /* HintView.swift */ = {isa = PBXFileReference; lastKnownFileType = sourcecode.swift; path = HintView.swift; sourceTree = "<group>"; };
		FA0F854E2A03F87200EF65B1 /* NotFoundView.swift */ = {isa = PBXFileReference; lastKnownFileType = sourcecode.swift; path = NotFoundView.swift; sourceTree = "<group>"; };
		FA0F85582A03FD5A00EF65B1 /* not-found.json */ = {isa = PBXFileReference; fileEncoding = 4; lastKnownFileType = text.json; path = "not-found.json"; sourceTree = "<group>"; };
		FA137FB22A04645A001EEBD4 /* ThirdDocument.swift */ = {isa = PBXFileReference; lastKnownFileType = sourcecode.swift; path = ThirdDocument.swift; sourceTree = "<group>"; };
		FA137FB42A046475001EEBD4 /* FifthDocument.swift */ = {isa = PBXFileReference; lastKnownFileType = sourcecode.swift; path = FifthDocument.swift; sourceTree = "<group>"; };
		FA137FB62A046D36001EEBD4 /* FourthDocument.swift */ = {isa = PBXFileReference; lastKnownFileType = sourcecode.swift; path = FourthDocument.swift; sourceTree = "<group>"; };
		FA137FB82A0497FC001EEBD4 /* HappyBirthdayView.swift */ = {isa = PBXFileReference; lastKnownFileType = sourcecode.swift; path = HappyBirthdayView.swift; sourceTree = "<group>"; };
		FA137FBA2A0499A9001EEBD4 /* HB.json */ = {isa = PBXFileReference; fileEncoding = 4; lastKnownFileType = text.json; path = HB.json; sourceTree = "<group>"; };
		FA2E95F229F197F500CB9ACD /* chbrns-uikit.app */ = {isa = PBXFileReference; explicitFileType = wrapper.application; includeInIndex = 0; path = "chbrns-uikit.app"; sourceTree = BUILT_PRODUCTS_DIR; };
		FA2E95F529F197F500CB9ACD /* AppDelegate.swift */ = {isa = PBXFileReference; lastKnownFileType = sourcecode.swift; path = AppDelegate.swift; sourceTree = "<group>"; };
		FA2E95F729F197F500CB9ACD /* SceneDelegate.swift */ = {isa = PBXFileReference; lastKnownFileType = sourcecode.swift; path = SceneDelegate.swift; sourceTree = "<group>"; };
		FA2E95F929F197F500CB9ACD /* ViewController.swift */ = {isa = PBXFileReference; lastKnownFileType = sourcecode.swift; path = ViewController.swift; sourceTree = "<group>"; };
		FA2E95FC29F197F500CB9ACD /* Base */ = {isa = PBXFileReference; lastKnownFileType = file.storyboard; name = Base; path = Base.lproj/Main.storyboard; sourceTree = "<group>"; };
		FA2E95FE29F197F800CB9ACD /* Assets.xcassets */ = {isa = PBXFileReference; lastKnownFileType = folder.assetcatalog; path = Assets.xcassets; sourceTree = "<group>"; };
		FA2E960129F197F800CB9ACD /* Base */ = {isa = PBXFileReference; lastKnownFileType = file.storyboard; name = Base; path = Base.lproj/LaunchScreen.storyboard; sourceTree = "<group>"; };
		FA2E960329F197F800CB9ACD /* Info.plist */ = {isa = PBXFileReference; lastKnownFileType = text.plist.xml; path = Info.plist; sourceTree = "<group>"; };
		FA2E960A29F1AF7F00CB9ACD /* CustomTableViewCell.swift */ = {isa = PBXFileReference; lastKnownFileType = sourcecode.swift; path = CustomTableViewCell.swift; sourceTree = "<group>"; };
		FA2E960B29F1AF7F00CB9ACD /* CustomTableViewCell.xib */ = {isa = PBXFileReference; lastKnownFileType = file.xib; path = CustomTableViewCell.xib; sourceTree = "<group>"; };
		FA2E960F29F1B08F00CB9ACD /* Jura-Bold.ttf */ = {isa = PBXFileReference; lastKnownFileType = file; path = "Jura-Bold.ttf"; sourceTree = "<group>"; };
		FA2E961029F1B08F00CB9ACD /* Jura-Medium.ttf */ = {isa = PBXFileReference; lastKnownFileType = file; path = "Jura-Medium.ttf"; sourceTree = "<group>"; };
		FA2E961329F1B12E00CB9ACD /* Jura-VariableFont_wght.ttf */ = {isa = PBXFileReference; lastKnownFileType = file; path = "Jura-VariableFont_wght.ttf"; sourceTree = "<group>"; };
		FA2E961529F1C5F300CB9ACD /* TapAnimation.swift */ = {isa = PBXFileReference; lastKnownFileType = sourcecode.swift; path = TapAnimation.swift; sourceTree = "<group>"; };
		FA2E961729F1C6C300CB9ACD /* Constans.swift */ = {isa = PBXFileReference; lastKnownFileType = sourcecode.swift; path = Constans.swift; sourceTree = "<group>"; };
		FA2E961B29F1F2CD00CB9ACD /* CustomCollectionViewCell.swift */ = {isa = PBXFileReference; lastKnownFileType = sourcecode.swift; path = CustomCollectionViewCell.swift; sourceTree = "<group>"; };
		FA2E961C29F1F2CD00CB9ACD /* CustomCollectionViewCell.xib */ = {isa = PBXFileReference; lastKnownFileType = file.xib; path = CustomCollectionViewCell.xib; sourceTree = "<group>"; };
		FA3F1CE929F21A3200E4A3B7 /* Documents.swift */ = {isa = PBXFileReference; lastKnownFileType = sourcecode.swift; path = Documents.swift; sourceTree = "<group>"; };
		FA3F1CEB29F21B7200E4A3B7 /* DocumentViewController.swift */ = {isa = PBXFileReference; lastKnownFileType = sourcecode.swift; path = DocumentViewController.swift; sourceTree = "<group>"; };
		FA3F1CEE29F21EFB00E4A3B7 /* FirstDocument.swift */ = {isa = PBXFileReference; lastKnownFileType = sourcecode.swift; path = FirstDocument.swift; sourceTree = "<group>"; };
		FA3F1CF029F21FA800E4A3B7 /* SecondDocument.swift */ = {isa = PBXFileReference; lastKnownFileType = sourcecode.swift; path = SecondDocument.swift; sourceTree = "<group>"; };
		FA8843302A0154B200FC887B /* TrackerManager.swift */ = {isa = PBXFileReference; fileEncoding = 4; lastKnownFileType = sourcecode.swift; path = TrackerManager.swift; sourceTree = "<group>"; };
		FAE3EB222A00036F0067A946 /* StepsViewController.swift */ = {isa = PBXFileReference; lastKnownFileType = sourcecode.swift; path = StepsViewController.swift; sourceTree = "<group>"; };
		FAE7DE5129F2CEA00004775B /* Extensions.swift */ = {isa = PBXFileReference; lastKnownFileType = sourcecode.swift; path = Extensions.swift; sourceTree = "<group>"; };
		FAE7DE5929F2FF570004775B /* 125763-searching.json */ = {isa = PBXFileReference; fileEncoding = 4; lastKnownFileType = text.json; path = "125763-searching.json"; sourceTree = "<group>"; };
		FAE7DE5B29F30FCA0004775B /* 52652-loading-bar.json */ = {isa = PBXFileReference; fileEncoding = 4; lastKnownFileType = text.json; path = "52652-loading-bar.json"; sourceTree = "<group>"; };
		FAE7DE5D29F33CFF0004775B /* Warning.json */ = {isa = PBXFileReference; fileEncoding = 4; lastKnownFileType = text.json; path = Warning.json; sourceTree = "<group>"; };
		FAFB31322A02C1E900178467 /* AlphabetViewController.swift */ = {isa = PBXFileReference; lastKnownFileType = sourcecode.swift; path = AlphabetViewController.swift; sourceTree = "<group>"; };
		FAFB31352A02D0B100178467 /* InfoView.swift */ = {isa = PBXFileReference; lastKnownFileType = sourcecode.swift; path = InfoView.swift; sourceTree = "<group>"; };
		FAFB31392A02E8A500178467 /* SearchAnimationView.swift */ = {isa = PBXFileReference; lastKnownFileType = sourcecode.swift; path = SearchAnimationView.swift; sourceTree = "<group>"; };
/* End PBXFileReference section */

/* Begin PBXFrameworksBuildPhase section */
		FA2E95EF29F197F500CB9ACD /* Frameworks */ = {
			isa = PBXFrameworksBuildPhase;
			buildActionMask = 2147483647;
			files = (
				FACF4EDF2B62FEED00FC592E /* Lottie in Frameworks */,
			);
			runOnlyForDeploymentPostprocessing = 0;
		};
/* End PBXFrameworksBuildPhase section */

/* Begin PBXGroup section */
		FA137FB12A046238001EEBD4 /* OptionViews */ = {
			isa = PBXGroup;
			children = (
				FAE3EB222A00036F0067A946 /* StepsViewController.swift */,
				FAFB31322A02C1E900178467 /* AlphabetViewController.swift */,
			);
			path = OptionViews;
			sourceTree = "<group>";
		};
		FA2E95E929F197F500CB9ACD = {
			isa = PBXGroup;
			children = (
				FA2E95F429F197F500CB9ACD /* chbrns-uikit */,
				FA2E95F329F197F500CB9ACD /* Products */,
			);
			sourceTree = "<group>";
		};
		FA2E95F329F197F500CB9ACD /* Products */ = {
			isa = PBXGroup;
			children = (
				FA2E95F229F197F500CB9ACD /* chbrns-uikit.app */,
			);
			name = Products;
			sourceTree = "<group>";
		};
		FA2E95F429F197F500CB9ACD /* chbrns-uikit */ = {
			isa = PBXGroup;
			children = (
				FA137FB12A046238001EEBD4 /* OptionViews */,
				FAFB31342A02D09100178467 /* Views */,
				FAE7DE5629F2FF010004775B /* Lottie */,
				FA3F1CED29F21ECF00E4A3B7 /* Docs */,
				FA2E960E29F1B07200CB9ACD /* Fonts */,
				FA2E960929F1AF6100CB9ACD /* Cell */,
				FA2E95F529F197F500CB9ACD /* AppDelegate.swift */,
				FA2E95F729F197F500CB9ACD /* SceneDelegate.swift */,
				FA2E95F929F197F500CB9ACD /* ViewController.swift */,
				FA2E95FB29F197F500CB9ACD /* Main.storyboard */,
				FA2E95FE29F197F800CB9ACD /* Assets.xcassets */,
				FA2E960029F197F800CB9ACD /* LaunchScreen.storyboard */,
				FA2E960329F197F800CB9ACD /* Info.plist */,
				FA2E961529F1C5F300CB9ACD /* TapAnimation.swift */,
				FA2E961729F1C6C300CB9ACD /* Constans.swift */,
				FAE7DE5129F2CEA00004775B /* Extensions.swift */,
				FA8843302A0154B200FC887B /* TrackerManager.swift */,
			);
			path = "chbrns-uikit";
			sourceTree = "<group>";
		};
		FA2E960929F1AF6100CB9ACD /* Cell */ = {
			isa = PBXGroup;
			children = (
				FA2E960A29F1AF7F00CB9ACD /* CustomTableViewCell.swift */,
				FA2E960B29F1AF7F00CB9ACD /* CustomTableViewCell.xib */,
				FA2E961B29F1F2CD00CB9ACD /* CustomCollectionViewCell.swift */,
				FA2E961C29F1F2CD00CB9ACD /* CustomCollectionViewCell.xib */,
			);
			path = Cell;
			sourceTree = "<group>";
		};
		FA2E960E29F1B07200CB9ACD /* Fonts */ = {
			isa = PBXGroup;
			children = (
				FA2E961329F1B12E00CB9ACD /* Jura-VariableFont_wght.ttf */,
				FA2E960F29F1B08F00CB9ACD /* Jura-Bold.ttf */,
				FA2E961029F1B08F00CB9ACD /* Jura-Medium.ttf */,
			);
			path = Fonts;
			sourceTree = "<group>";
		};
		FA3F1CED29F21ECF00E4A3B7 /* Docs */ = {
			isa = PBXGroup;
			children = (
				FA3F1CEB29F21B7200E4A3B7 /* DocumentViewController.swift */,
				FA3F1CE929F21A3200E4A3B7 /* Documents.swift */,
				FA3F1CEE29F21EFB00E4A3B7 /* FirstDocument.swift */,
				FA3F1CF029F21FA800E4A3B7 /* SecondDocument.swift */,
				FA137FB22A04645A001EEBD4 /* ThirdDocument.swift */,
				FA137FB62A046D36001EEBD4 /* FourthDocument.swift */,
				FA137FB42A046475001EEBD4 /* FifthDocument.swift */,
			);
			path = Docs;
			sourceTree = "<group>";
		};
		FAE7DE5629F2FF010004775B /* Lottie */ = {
			isa = PBXGroup;
			children = (
				FA137FBA2A0499A9001EEBD4 /* HB.json */,
				FA0F85582A03FD5A00EF65B1 /* not-found.json */,
				FA08BE422A03CDD40092E1CF /* idea.json */,
				FAE7DE5929F2FF570004775B /* 125763-searching.json */,
				FAE7DE5B29F30FCA0004775B /* 52652-loading-bar.json */,
				FAE7DE5D29F33CFF0004775B /* Warning.json */,
			);
			path = Lottie;
			sourceTree = "<group>";
		};
		FAFB31342A02D09100178467 /* Views */ = {
			isa = PBXGroup;
			children = (
				FAFB31352A02D0B100178467 /* InfoView.swift */,
				FAFB31392A02E8A500178467 /* SearchAnimationView.swift */,
				FA0F854A2A03F05600EF65B1 /* HintView.swift */,
				FA0F854E2A03F87200EF65B1 /* NotFoundView.swift */,
				FA137FB82A0497FC001EEBD4 /* HappyBirthdayView.swift */,
			);
			path = Views;
			sourceTree = "<group>";
		};
/* End PBXGroup section */

/* Begin PBXNativeTarget section */
		FA2E95F129F197F500CB9ACD /* chbrns-uikit */ = {
			isa = PBXNativeTarget;
			buildConfigurationList = FA2E960629F197F800CB9ACD /* Build configuration list for PBXNativeTarget "chbrns-uikit" */;
			buildPhases = (
				FA2E95EE29F197F500CB9ACD /* Sources */,
				FA2E95EF29F197F500CB9ACD /* Frameworks */,
				FA2E95F029F197F500CB9ACD /* Resources */,
			);
			buildRules = (
			);
			dependencies = (
			);
			name = "chbrns-uikit";
			packageProductDependencies = (
				FACF4EDE2B62FEED00FC592E /* Lottie */,
			);
			productName = "chbrns-uikit";
			productReference = FA2E95F229F197F500CB9ACD /* chbrns-uikit.app */;
			productType = "com.apple.product-type.application";
		};
/* End PBXNativeTarget section */

/* Begin PBXProject section */
		FA2E95EA29F197F500CB9ACD /* Project object */ = {
			isa = PBXProject;
			attributes = {
				BuildIndependentTargetsInParallel = 1;
				LastSwiftUpdateCheck = 1430;
				LastUpgradeCheck = 1430;
				TargetAttributes = {
					FA2E95F129F197F500CB9ACD = {
						CreatedOnToolsVersion = 14.3;
					};
				};
			};
			buildConfigurationList = FA2E95ED29F197F500CB9ACD /* Build configuration list for PBXProject "chbrns-uikit" */;
			compatibilityVersion = "Xcode 14.0";
			developmentRegion = en;
			hasScannedForEncodings = 0;
			knownRegions = (
				en,
				Base,
			);
			mainGroup = FA2E95E929F197F500CB9ACD;
			packageReferences = (
				FAFB313B2A031E4100178467 /* XCRemoteSwiftPackageReference "PythonKit" */,
				FACF4EDD2B62FE5200FC592E /* XCRemoteSwiftPackageReference "lottie-spm" */,
			);
			productRefGroup = FA2E95F329F197F500CB9ACD /* Products */;
			projectDirPath = "";
			projectRoot = "";
			targets = (
				FA2E95F129F197F500CB9ACD /* chbrns-uikit */,
			);
		};
/* End PBXProject section */

/* Begin PBXResourcesBuildPhase section */
		FA2E95F029F197F500CB9ACD /* Resources */ = {
			isa = PBXResourcesBuildPhase;
			buildActionMask = 2147483647;
			files = (
				FA0F85592A03FD5A00EF65B1 /* not-found.json in Resources */,
				FA2E960229F197F800CB9ACD /* LaunchScreen.storyboard in Resources */,
				FAE7DE5A29F2FF570004775B /* 125763-searching.json in Resources */,
				FA2E961429F1B12E00CB9ACD /* Jura-VariableFont_wght.ttf in Resources */,
				FAE7DE5C29F30FCA0004775B /* 52652-loading-bar.json in Resources */,
				FAE7DE5E29F33CFF0004775B /* Warning.json in Resources */,
				FA2E95FF29F197F800CB9ACD /* Assets.xcassets in Resources */,
				FA2E961129F1B08F00CB9ACD /* Jura-Bold.ttf in Resources */,
				FA2E960D29F1AF7F00CB9ACD /* CustomTableViewCell.xib in Resources */,
				FA08BE432A03CDD40092E1CF /* idea.json in Resources */,
				FA2E95FD29F197F500CB9ACD /* Main.storyboard in Resources */,
				FA2E961229F1B08F00CB9ACD /* Jura-Medium.ttf in Resources */,
				FA2E961E29F1F2CD00CB9ACD /* CustomCollectionViewCell.xib in Resources */,
				FA137FBB2A0499AA001EEBD4 /* HB.json in Resources */,
			);
			runOnlyForDeploymentPostprocessing = 0;
		};
/* End PBXResourcesBuildPhase section */

/* Begin PBXSourcesBuildPhase section */
		FA2E95EE29F197F500CB9ACD /* Sources */ = {
			isa = PBXSourcesBuildPhase;
			buildActionMask = 2147483647;
			files = (
				FAFB31362A02D0B100178467 /* InfoView.swift in Sources */,
				FA0F854B2A03F05600EF65B1 /* HintView.swift in Sources */,
				FA2E95FA29F197F500CB9ACD /* ViewController.swift in Sources */,
				FA2E961D29F1F2CD00CB9ACD /* CustomCollectionViewCell.swift in Sources */,
				FA137FB32A04645A001EEBD4 /* ThirdDocument.swift in Sources */,
				FA2E95F629F197F500CB9ACD /* AppDelegate.swift in Sources */,
				FAFB31332A02C1E900178467 /* AlphabetViewController.swift in Sources */,
				FA137FB52A046475001EEBD4 /* FifthDocument.swift in Sources */,
				FA2E961829F1C6C300CB9ACD /* Constans.swift in Sources */,
				FA8843312A0154B200FC887B /* TrackerManager.swift in Sources */,
				FA3F1CEA29F21A3200E4A3B7 /* Documents.swift in Sources */,
				FAFB313A2A02E8A500178467 /* SearchAnimationView.swift in Sources */,
				FA137FB92A0497FC001EEBD4 /* HappyBirthdayView.swift in Sources */,
				FA3F1CF129F21FA800E4A3B7 /* SecondDocument.swift in Sources */,
				FA2E960C29F1AF7F00CB9ACD /* CustomTableViewCell.swift in Sources */,
				FA137FB72A046D36001EEBD4 /* FourthDocument.swift in Sources */,
				FAE7DE5229F2CEA10004775B /* Extensions.swift in Sources */,
				FAE3EB232A00036F0067A946 /* StepsViewController.swift in Sources */,
				FA0F854F2A03F87200EF65B1 /* NotFoundView.swift in Sources */,
				FA3F1CEC29F21B7200E4A3B7 /* DocumentViewController.swift in Sources */,
				FA2E961629F1C5F300CB9ACD /* TapAnimation.swift in Sources */,
				FA2E95F829F197F500CB9ACD /* SceneDelegate.swift in Sources */,
				FA3F1CEF29F21EFB00E4A3B7 /* FirstDocument.swift in Sources */,
			);
			runOnlyForDeploymentPostprocessing = 0;
		};
/* End PBXSourcesBuildPhase section */

/* Begin PBXVariantGroup section */
		FA2E95FB29F197F500CB9ACD /* Main.storyboard */ = {
			isa = PBXVariantGroup;
			children = (
				FA2E95FC29F197F500CB9ACD /* Base */,
			);
			name = Main.storyboard;
			sourceTree = "<group>";
		};
		FA2E960029F197F800CB9ACD /* LaunchScreen.storyboard */ = {
			isa = PBXVariantGroup;
			children = (
				FA2E960129F197F800CB9ACD /* Base */,
			);
			name = LaunchScreen.storyboard;
			sourceTree = "<group>";
		};
/* End PBXVariantGroup section */

/* Begin XCBuildConfiguration section */
		FA2E960429F197F800CB9ACD /* Debug */ = {
			isa = XCBuildConfiguration;
			buildSettings = {
				ALWAYS_SEARCH_USER_PATHS = NO;
				CLANG_ANALYZER_NONNULL = YES;
				CLANG_ANALYZER_NUMBER_OBJECT_CONVERSION = YES_AGGRESSIVE;
				CLANG_CXX_LANGUAGE_STANDARD = "gnu++20";
				CLANG_ENABLE_MODULES = YES;
				CLANG_ENABLE_OBJC_ARC = YES;
				CLANG_ENABLE_OBJC_WEAK = YES;
				CLANG_WARN_BLOCK_CAPTURE_AUTORELEASING = YES;
				CLANG_WARN_BOOL_CONVERSION = YES;
				CLANG_WARN_COMMA = YES;
				CLANG_WARN_CONSTANT_CONVERSION = YES;
				CLANG_WARN_DEPRECATED_OBJC_IMPLEMENTATIONS = YES;
				CLANG_WARN_DIRECT_OBJC_ISA_USAGE = YES_ERROR;
				CLANG_WARN_DOCUMENTATION_COMMENTS = YES;
				CLANG_WARN_EMPTY_BODY = YES;
				CLANG_WARN_ENUM_CONVERSION = YES;
				CLANG_WARN_INFINITE_RECURSION = YES;
				CLANG_WARN_INT_CONVERSION = YES;
				CLANG_WARN_NON_LITERAL_NULL_CONVERSION = YES;
				CLANG_WARN_OBJC_IMPLICIT_RETAIN_SELF = YES;
				CLANG_WARN_OBJC_LITERAL_CONVERSION = YES;
				CLANG_WARN_OBJC_ROOT_CLASS = YES_ERROR;
				CLANG_WARN_QUOTED_INCLUDE_IN_FRAMEWORK_HEADER = YES;
				CLANG_WARN_RANGE_LOOP_ANALYSIS = YES;
				CLANG_WARN_STRICT_PROTOTYPES = YES;
				CLANG_WARN_SUSPICIOUS_MOVE = YES;
				CLANG_WARN_UNGUARDED_AVAILABILITY = YES_AGGRESSIVE;
				CLANG_WARN_UNREACHABLE_CODE = YES;
				CLANG_WARN__DUPLICATE_METHOD_MATCH = YES;
				COPY_PHASE_STRIP = NO;
				DEBUG_INFORMATION_FORMAT = dwarf;
				ENABLE_HARDENED_RUNTIME = NO;
				ENABLE_STRICT_OBJC_MSGSEND = YES;
				ENABLE_TESTABILITY = YES;
				GCC_C_LANGUAGE_STANDARD = gnu11;
				GCC_DYNAMIC_NO_PIC = NO;
				GCC_NO_COMMON_BLOCKS = YES;
				GCC_OPTIMIZATION_LEVEL = 0;
				GCC_PREPROCESSOR_DEFINITIONS = (
					"DEBUG=1",
					"$(inherited)",
				);
				GCC_WARN_64_TO_32_BIT_CONVERSION = YES;
				GCC_WARN_ABOUT_RETURN_TYPE = YES_ERROR;
				GCC_WARN_UNDECLARED_SELECTOR = YES;
				GCC_WARN_UNINITIALIZED_AUTOS = YES_AGGRESSIVE;
				GCC_WARN_UNUSED_FUNCTION = YES;
				GCC_WARN_UNUSED_VARIABLE = YES;
				IPHONEOS_DEPLOYMENT_TARGET = 13.0;
				MTL_ENABLE_DEBUG_INFO = INCLUDE_SOURCE;
				MTL_FAST_MATH = YES;
				ONLY_ACTIVE_ARCH = YES;
				SDKROOT = iphoneos;
				SWIFT_ACTIVE_COMPILATION_CONDITIONS = DEBUG;
				SWIFT_OPTIMIZATION_LEVEL = "-Onone";
			};
			name = Debug;
		};
		FA2E960529F197F800CB9ACD /* Release */ = {
			isa = XCBuildConfiguration;
			buildSettings = {
				ALWAYS_SEARCH_USER_PATHS = NO;
				CLANG_ANALYZER_NONNULL = YES;
				CLANG_ANALYZER_NUMBER_OBJECT_CONVERSION = YES_AGGRESSIVE;
				CLANG_CXX_LANGUAGE_STANDARD = "gnu++20";
				CLANG_ENABLE_MODULES = YES;
				CLANG_ENABLE_OBJC_ARC = YES;
				CLANG_ENABLE_OBJC_WEAK = YES;
				CLANG_WARN_BLOCK_CAPTURE_AUTORELEASING = YES;
				CLANG_WARN_BOOL_CONVERSION = YES;
				CLANG_WARN_COMMA = YES;
				CLANG_WARN_CONSTANT_CONVERSION = YES;
				CLANG_WARN_DEPRECATED_OBJC_IMPLEMENTATIONS = YES;
				CLANG_WARN_DIRECT_OBJC_ISA_USAGE = YES_ERROR;
				CLANG_WARN_DOCUMENTATION_COMMENTS = YES;
				CLANG_WARN_EMPTY_BODY = YES;
				CLANG_WARN_ENUM_CONVERSION = YES;
				CLANG_WARN_INFINITE_RECURSION = YES;
				CLANG_WARN_INT_CONVERSION = YES;
				CLANG_WARN_NON_LITERAL_NULL_CONVERSION = YES;
				CLANG_WARN_OBJC_IMPLICIT_RETAIN_SELF = YES;
				CLANG_WARN_OBJC_LITERAL_CONVERSION = YES;
				CLANG_WARN_OBJC_ROOT_CLASS = YES_ERROR;
				CLANG_WARN_QUOTED_INCLUDE_IN_FRAMEWORK_HEADER = YES;
				CLANG_WARN_RANGE_LOOP_ANALYSIS = YES;
				CLANG_WARN_STRICT_PROTOTYPES = YES;
				CLANG_WARN_SUSPICIOUS_MOVE = YES;
				CLANG_WARN_UNGUARDED_AVAILABILITY = YES_AGGRESSIVE;
				CLANG_WARN_UNREACHABLE_CODE = YES;
				CLANG_WARN__DUPLICATE_METHOD_MATCH = YES;
				COPY_PHASE_STRIP = NO;
				DEBUG_INFORMATION_FORMAT = "dwarf-with-dsym";
				ENABLE_HARDENED_RUNTIME = NO;
				ENABLE_NS_ASSERTIONS = NO;
				ENABLE_STRICT_OBJC_MSGSEND = YES;
				GCC_C_LANGUAGE_STANDARD = gnu11;
				GCC_NO_COMMON_BLOCKS = YES;
				GCC_WARN_64_TO_32_BIT_CONVERSION = YES;
				GCC_WARN_ABOUT_RETURN_TYPE = YES_ERROR;
				GCC_WARN_UNDECLARED_SELECTOR = YES;
				GCC_WARN_UNINITIALIZED_AUTOS = YES_AGGRESSIVE;
				GCC_WARN_UNUSED_FUNCTION = YES;
				GCC_WARN_UNUSED_VARIABLE = YES;
				IPHONEOS_DEPLOYMENT_TARGET = 13.0;
				MTL_ENABLE_DEBUG_INFO = NO;
				MTL_FAST_MATH = YES;
				SDKROOT = iphoneos;
				SWIFT_COMPILATION_MODE = wholemodule;
				SWIFT_OPTIMIZATION_LEVEL = "-O";
				VALIDATE_PRODUCT = YES;
			};
			name = Release;
		};
		FA2E960729F197F800CB9ACD /* Debug */ = {
			isa = XCBuildConfiguration;
			buildSettings = {
				ASSETCATALOG_COMPILER_APPICON_NAME = AppIcon;
				ASSETCATALOG_COMPILER_GLOBAL_ACCENT_COLOR_NAME = AccentColor;
				CODE_SIGN_IDENTITY = "Apple Development";
				CODE_SIGN_STYLE = Automatic;
				CURRENT_PROJECT_VERSION = 12;
				DEVELOPMENT_TEAM = 5ZLUL53PT7;
				GENERATE_INFOPLIST_FILE = YES;
				INFOPLIST_FILE = "chbrns-uikit/Info.plist";
				INFOPLIST_KEY_CFBundleDisplayName = "ЧБРНС";
				INFOPLIST_KEY_UIApplicationSupportsIndirectInputEvents = YES;
				INFOPLIST_KEY_UILaunchStoryboardName = LaunchScreen;
				INFOPLIST_KEY_UIMainStoryboardFile = Main;
				INFOPLIST_KEY_UIStatusBarStyle = "";
				INFOPLIST_KEY_UISupportedInterfaceOrientations = UIInterfaceOrientationPortrait;
				INFOPLIST_KEY_UISupportedInterfaceOrientations_iPad = "UIInterfaceOrientationLandscapeLeft UIInterfaceOrientationLandscapeRight UIInterfaceOrientationPortrait UIInterfaceOrientationPortraitUpsideDown";
				IPHONEOS_DEPLOYMENT_TARGET = 13.0;
				LD_RUNPATH_SEARCH_PATHS = (
					"$(inherited)",
					"@executable_path/Frameworks",
				);
				MARKETING_VERSION = 0.1.1;
				PRODUCT_BUNDLE_IDENTIFIER = "alex.kosenko.chbrns-kit";
				PRODUCT_NAME = "$(TARGET_NAME)";
				PROVISIONING_PROFILE_SPECIFIER = "";
				SWIFT_EMIT_LOC_STRINGS = YES;
				SWIFT_VERSION = 5.0;
				TARGETED_DEVICE_FAMILY = "1,2";
			};
			name = Debug;
		};
		FA2E960829F197F800CB9ACD /* Release */ = {
			isa = XCBuildConfiguration;
			buildSettings = {
				ASSETCATALOG_COMPILER_APPICON_NAME = AppIcon;
				ASSETCATALOG_COMPILER_GLOBAL_ACCENT_COLOR_NAME = AccentColor;
				CODE_SIGN_IDENTITY = "Apple Development";
				CODE_SIGN_STYLE = Automatic;
				CURRENT_PROJECT_VERSION = 12;
				DEVELOPMENT_TEAM = 5ZLUL53PT7;
				GENERATE_INFOPLIST_FILE = YES;
				INFOPLIST_FILE = "chbrns-uikit/Info.plist";
				INFOPLIST_KEY_CFBundleDisplayName = "ЧБРНС";
				INFOPLIST_KEY_UIApplicationSupportsIndirectInputEvents = YES;
				INFOPLIST_KEY_UILaunchStoryboardName = LaunchScreen;
				INFOPLIST_KEY_UIMainStoryboardFile = Main;
				INFOPLIST_KEY_UIStatusBarStyle = "";
				INFOPLIST_KEY_UISupportedInterfaceOrientations = UIInterfaceOrientationPortrait;
				INFOPLIST_KEY_UISupportedInterfaceOrientations_iPad = "UIInterfaceOrientationLandscapeLeft UIInterfaceOrientationLandscapeRight UIInterfaceOrientationPortrait UIInterfaceOrientationPortraitUpsideDown";
				IPHONEOS_DEPLOYMENT_TARGET = 13.0;
				LD_RUNPATH_SEARCH_PATHS = (
					"$(inherited)",
					"@executable_path/Frameworks",
				);
				MARKETING_VERSION = 0.1.1;
				PRODUCT_BUNDLE_IDENTIFIER = "alex.kosenko.chbrns-kit";
				PRODUCT_NAME = "$(TARGET_NAME)";
				PROVISIONING_PROFILE_SPECIFIER = "";
				SWIFT_EMIT_LOC_STRINGS = YES;
				SWIFT_VERSION = 5.0;
				TARGETED_DEVICE_FAMILY = "1,2";
			};
			name = Release;
		};
/* End XCBuildConfiguration section */

/* Begin XCConfigurationList section */
		FA2E95ED29F197F500CB9ACD /* Build configuration list for PBXProject "chbrns-uikit" */ = {
			isa = XCConfigurationList;
			buildConfigurations = (
				FA2E960429F197F800CB9ACD /* Debug */,
				FA2E960529F197F800CB9ACD /* Release */,
			);
			defaultConfigurationIsVisible = 0;
			defaultConfigurationName = Release;
		};
		FA2E960629F197F800CB9ACD /* Build configuration list for PBXNativeTarget "chbrns-uikit" */ = {
			isa = XCConfigurationList;
			buildConfigurations = (
				FA2E960729F197F800CB9ACD /* Debug */,
				FA2E960829F197F800CB9ACD /* Release */,
			);
			defaultConfigurationIsVisible = 0;
			defaultConfigurationName = Release;
		};
/* End XCConfigurationList section */

/* Begin XCRemoteSwiftPackageReference section */
		FACF4EDD2B62FE5200FC592E /* XCRemoteSwiftPackageReference "lottie-spm" */ = {
			isa = XCRemoteSwiftPackageReference;
			repositoryURL = "https://github.com/airbnb/lottie-spm.git";
			requirement = {
				kind = upToNextMajorVersion;
				minimumVersion = 4.4.0;
			};
		};
		FAFB313B2A031E4100178467 /* XCRemoteSwiftPackageReference "PythonKit" */ = {
			isa = XCRemoteSwiftPackageReference;
			repositoryURL = "https://github.com/pvieito/PythonKit";
			requirement = {
				branch = master;
				kind = branch;
			};
		};
/* End XCRemoteSwiftPackageReference section */

/* Begin XCSwiftPackageProductDependency section */
		FACF4EDE2B62FEED00FC592E /* Lottie */ = {
			isa = XCSwiftPackageProductDependency;
			package = FACF4EDD2B62FE5200FC592E /* XCRemoteSwiftPackageReference "lottie-spm" */;
			productName = Lottie;
		};
/* End XCSwiftPackageProductDependency section */
	};
	rootObject = FA2E95EA29F197F500CB9ACD /* Project object */;
}
